// !$*UTF8*$!
{
	archiveVersion = 1;
	classes = {
	};
	objectVersion = 46;
	objects = {

/* Begin PBXBuildFile section */
		1EB63BD61C6EC9AA00991518 /* main.m in Sources */ = {isa = PBXBuildFile; fileRef = 1EB63BD51C6EC9AA00991518 /* main.m */; };
		1EB63BD91C6EC9AA00991518 /* AppDelegate.m in Sources */ = {isa = PBXBuildFile; fileRef = 1EB63BD81C6EC9AA00991518 /* AppDelegate.m */; };
		1EB63BDC1C6EC9AA00991518 /* ViewController.m in Sources */ = {isa = PBXBuildFile; fileRef = 1EB63BDB1C6EC9AA00991518 /* ViewController.m */; };
		1EB63BDF1C6EC9AA00991518 /* Main.storyboard in Resources */ = {isa = PBXBuildFile; fileRef = 1EB63BDD1C6EC9AA00991518 /* Main.storyboard */; };
		1EB63BE11C6EC9AA00991518 /* Assets.xcassets in Resources */ = {isa = PBXBuildFile; fileRef = 1EB63BE01C6EC9AA00991518 /* Assets.xcassets */; };
		1EB63BE41C6EC9AA00991518 /* LaunchScreen.storyboard in Resources */ = {isa = PBXBuildFile; fileRef = 1EB63BE21C6EC9AA00991518 /* LaunchScreen.storyboard */; };
		1EB63BEF1C6EC9AA00991518 /* _4_______xib_Tests.m in Sources */ = {isa = PBXBuildFile; fileRef = 1EB63BEE1C6EC9AA00991518 /* _4_______xib_Tests.m */; };
		1EB63BFA1C6EC9AA00991518 /* _4_______xib_UITests.m in Sources */ = {isa = PBXBuildFile; fileRef = 1EB63BF91C6EC9AA00991518 /* _4_______xib_UITests.m */; };
		1EB63C081C6EC9DD00991518 /* app.plist in Resources */ = {isa = PBXBuildFile; fileRef = 1EB63C071C6EC9DD00991518 /* app.plist */; };
		1EB63C0B1C6ECA1E00991518 /* AppModel.m in Sources */ = {isa = PBXBuildFile; fileRef = 1EB63C0A1C6ECA1E00991518 /* AppModel.m */; };
		1EB63C0F1C6EEFD000991518 /* AppCell.m in Sources */ = {isa = PBXBuildFile; fileRef = 1EB63C0D1C6EEFD000991518 /* AppCell.m */; };
		1EB63C101C6EEFD000991518 /* AppCell.xib in Resources */ = {isa = PBXBuildFile; fileRef = 1EB63C0E1C6EEFD000991518 /* AppCell.xib */; };
/* End PBXBuildFile section */

/* Begin PBXContainerItemProxy section */
		1EB63BEB1C6EC9AA00991518 /* PBXContainerItemProxy */ = {
			isa = PBXContainerItemProxy;
			containerPortal = 1EB63BC91C6EC9AA00991518 /* Project object */;
			proxyType = 1;
			remoteGlobalIDString = 1EB63BD01C6EC9AA00991518;
			remoteInfo = "04_新应用管理(xib)";
		};
		1EB63BF61C6EC9AA00991518 /* PBXContainerItemProxy */ = {
			isa = PBXContainerItemProxy;
			containerPortal = 1EB63BC91C6EC9AA00991518 /* Project object */;
			proxyType = 1;
			remoteGlobalIDString = 1EB63BD01C6EC9AA00991518;
			remoteInfo = "04_新应用管理(xib)";
		};
/* End PBXContainerItemProxy section */

/* Begin PBXFileReference section */
		1EB63BD11C6EC9AA00991518 /* 04_新应用管理(xib).app */ = {isa = PBXFileReference; explicitFileType = wrapper.application; includeInIndex = 0; path = "04_新应用管理(xib).app"; sourceTree = BUILT_PRODUCTS_DIR; };
		1EB63BD51C6EC9AA00991518 /* main.m */ = {isa = PBXFileReference; lastKnownFileType = sourcecode.c.objc; path = main.m; sourceTree = "<group>"; };
		1EB63BD71C6EC9AA00991518 /* AppDelegate.h */ = {isa = PBXFileReference; lastKnownFileType = sourcecode.c.h; path = AppDelegate.h; sourceTree = "<group>"; };
		1EB63BD81C6EC9AA00991518 /* AppDelegate.m */ = {isa = PBXFileReference; lastKnownFileType = sourcecode.c.objc; path = AppDelegate.m; sourceTree = "<group>"; };
		1EB63BDA1C6EC9AA00991518 /* ViewController.h */ = {isa = PBXFileReference; lastKnownFileType = sourcecode.c.h; path = ViewController.h; sourceTree = "<group>"; };
		1EB63BDB1C6EC9AA00991518 /* ViewController.m */ = {isa = PBXFileReference; lastKnownFileType = sourcecode.c.objc; path = ViewController.m; sourceTree = "<group>"; };
		1EB63BDE1C6EC9AA00991518 /* Base */ = {isa = PBXFileReference; lastKnownFileType = file.storyboard; name = Base; path = Base.lproj/Main.storyboard; sourceTree = "<group>"; };
		1EB63BE01C6EC9AA00991518 /* Assets.xcassets */ = {isa = PBXFileReference; lastKnownFileType = folder.assetcatalog; path = Assets.xcassets; sourceTree = "<group>"; };
		1EB63BE31C6EC9AA00991518 /* Base */ = {isa = PBXFileReference; lastKnownFileType = file.storyboard; name = Base; path = Base.lproj/LaunchScreen.storyboard; sourceTree = "<group>"; };
		1EB63BE51C6EC9AA00991518 /* Info.plist */ = {isa = PBXFileReference; lastKnownFileType = text.plist.xml; path = Info.plist; sourceTree = "<group>"; };
		1EB63BEA1C6EC9AA00991518 /* 04_新应用管理(xib)Tests.xctest */ = {isa = PBXFileReference; explicitFileType = wrapper.cfbundle; includeInIndex = 0; path = "04_新应用管理(xib)Tests.xctest"; sourceTree = BUILT_PRODUCTS_DIR; };
		1EB63BEE1C6EC9AA00991518 /* _4_______xib_Tests.m */ = {isa = PBXFileReference; lastKnownFileType = sourcecode.c.objc; path = "_4_______xib_Tests.m"; sourceTree = "<group>"; };
		1EB63BF01C6EC9AA00991518 /* Info.plist */ = {isa = PBXFileReference; lastKnownFileType = text.plist.xml; path = Info.plist; sourceTree = "<group>"; };
		1EB63BF51C6EC9AA00991518 /* 04_新应用管理(xib)UITests.xctest */ = {isa = PBXFileReference; explicitFileType = wrapper.cfbundle; includeInIndex = 0; path = "04_新应用管理(xib)UITests.xctest"; sourceTree = BUILT_PRODUCTS_DIR; };
		1EB63BF91C6EC9AA00991518 /* _4_______xib_UITests.m */ = {isa = PBXFileReference; lastKnownFileType = sourcecode.c.objc; path = "_4_______xib_UITests.m"; sourceTree = "<group>"; };
		1EB63BFB1C6EC9AA00991518 /* Info.plist */ = {isa = PBXFileReference; lastKnownFileType = text.plist.xml; path = Info.plist; sourceTree = "<group>"; };
		1EB63C071C6EC9DD00991518 /* app.plist */ = {isa = PBXFileReference; fileEncoding = 4; lastKnownFileType = text.plist.xml; path = app.plist; sourceTree = "<group>"; };
		1EB63C091C6ECA1E00991518 /* AppModel.h */ = {isa = PBXFileReference; fileEncoding = 4; lastKnownFileType = sourcecode.c.h; path = AppModel.h; sourceTree = "<group>"; };
		1EB63C0A1C6ECA1E00991518 /* AppModel.m */ = {isa = PBXFileReference; fileEncoding = 4; lastKnownFileType = sourcecode.c.objc; path = AppModel.m; sourceTree = "<group>"; };
		1EB63C0C1C6EEFD000991518 /* AppCell.h */ = {isa = PBXFileReference; fileEncoding = 4; lastKnownFileType = sourcecode.c.h; path = AppCell.h; sourceTree = "<group>"; };
		1EB63C0D1C6EEFD000991518 /* AppCell.m */ = {isa = PBXFileReference; fileEncoding = 4; lastKnownFileType = sourcecode.c.objc; path = AppCell.m; sourceTree = "<group>"; };
		1EB63C0E1C6EEFD000991518 /* AppCell.xib */ = {isa = PBXFileReference; fileEncoding = 4; lastKnownFileType = file.xib; path = AppCell.xib; sourceTree = "<group>"; };
/* End PBXFileReference section */

/* Begin PBXFrameworksBuildPhase section */
		1EB63BCE1C6EC9AA00991518 /* Frameworks */ = {
			isa = PBXFrameworksBuildPhase;
			buildActionMask = 2147483647;
			files = (
			);
			runOnlyForDeploymentPostprocessing = 0;
		};
		1EB63BE71C6EC9AA00991518 /* Frameworks */ = {
			isa = PBXFrameworksBuildPhase;
			buildActionMask = 2147483647;
			files = (
			);
			runOnlyForDeploymentPostprocessing = 0;
		};
		1EB63BF21C6EC9AA00991518 /* Frameworks */ = {
			isa = PBXFrameworksBuildPhase;
			buildActionMask = 2147483647;
			files = (
			);
			runOnlyForDeploymentPostprocessing = 0;
		};
/* End PBXFrameworksBuildPhase section */

/* Begin PBXGroup section */
		1EB63BC81C6EC9AA00991518 = {
			isa = PBXGroup;
			children = (
				1EB63BD31C6EC9AA00991518 /* 04_新应用管理(xib) */,
				1EB63BED1C6EC9AA00991518 /* 04_新应用管理(xib)Tests */,
				1EB63BF81C6EC9AA00991518 /* 04_新应用管理(xib)UITests */,
				1EB63BD21C6EC9AA00991518 /* Products */,
			);
			sourceTree = "<group>";
		};
		1EB63BD21C6EC9AA00991518 /* Products */ = {
			isa = PBXGroup;
			children = (
				1EB63BD11C6EC9AA00991518 /* 04_新应用管理(xib).app */,
				1EB63BEA1C6EC9AA00991518 /* 04_新应用管理(xib)Tests.xctest */,
				1EB63BF51C6EC9AA00991518 /* 04_新应用管理(xib)UITests.xctest */,
			);
			name = Products;
			sourceTree = "<group>";
		};
		1EB63BD31C6EC9AA00991518 /* 04_新应用管理(xib) */ = {
			isa = PBXGroup;
			children = (
				1EB63BD71C6EC9AA00991518 /* AppDelegate.h */,
				1EB63BD81C6EC9AA00991518 /* AppDelegate.m */,
				1EB63BDA1C6EC9AA00991518 /* ViewController.h */,
				1EB63BDB1C6EC9AA00991518 /* ViewController.m */,
				1EB63C091C6ECA1E00991518 /* AppModel.h */,
				1EB63C0A1C6ECA1E00991518 /* AppModel.m */,
				1EB63C0C1C6EEFD000991518 /* AppCell.h */,
				1EB63C0D1C6EEFD000991518 /* AppCell.m */,
				1EB63C0E1C6EEFD000991518 /* AppCell.xib */,
				1EB63BDD1C6EC9AA00991518 /* Main.storyboard */,
				1EB63BE01C6EC9AA00991518 /* Assets.xcassets */,
				1EB63BE21C6EC9AA00991518 /* LaunchScreen.storyboard */,
				1EB63BE51C6EC9AA00991518 /* Info.plist */,
				1EB63BD41C6EC9AA00991518 /* Supporting Files */,
			);
			path = "04_新应用管理(xib)";
			sourceTree = "<group>";
		};
		1EB63BD41C6EC9AA00991518 /* Supporting Files */ = {
			isa = PBXGroup;
			children = (
				1EB63C071C6EC9DD00991518 /* app.plist */,
				1EB63BD51C6EC9AA00991518 /* main.m */,
			);
			name = "Supporting Files";
			sourceTree = "<group>";
		};
		1EB63BED1C6EC9AA00991518 /* 04_新应用管理(xib)Tests */ = {
			isa = PBXGroup;
			children = (
				1EB63BEE1C6EC9AA00991518 /* _4_______xib_Tests.m */,
				1EB63BF01C6EC9AA00991518 /* Info.plist */,
			);
			path = "04_新应用管理(xib)Tests";
			sourceTree = "<group>";
		};
		1EB63BF81C6EC9AA00991518 /* 04_新应用管理(xib)UITests */ = {
			isa = PBXGroup;
			children = (
				1EB63BF91C6EC9AA00991518 /* _4_______xib_UITests.m */,
				1EB63BFB1C6EC9AA00991518 /* Info.plist */,
			);
			path = "04_新应用管理(xib)UITests";
			sourceTree = "<group>";
		};
/* End PBXGroup section */

/* Begin PBXNativeTarget section */
		1EB63BD01C6EC9AA00991518 /* 04_新应用管理(xib) */ = {
			isa = PBXNativeTarget;
			buildConfigurationList = 1EB63BFE1C6EC9AA00991518 /* Build configuration list for PBXNativeTarget "04_新应用管理(xib)" */;
			buildPhases = (
				1EB63BCD1C6EC9AA00991518 /* Sources */,
				1EB63BCE1C6EC9AA00991518 /* Frameworks */,
				1EB63BCF1C6EC9AA00991518 /* Resources */,
			);
			buildRules = (
			);
			dependencies = (
			);
			name = "04_新应用管理(xib)";
			productName = "04_新应用管理(xib)";
			productReference = 1EB63BD11C6EC9AA00991518 /* 04_新应用管理(xib).app */;
			productType = "com.apple.product-type.application";
		};
		1EB63BE91C6EC9AA00991518 /* 04_新应用管理(xib)Tests */ = {
			isa = PBXNativeTarget;
			buildConfigurationList = 1EB63C011C6EC9AA00991518 /* Build configuration list for PBXNativeTarget "04_新应用管理(xib)Tests" */;
			buildPhases = (
				1EB63BE61C6EC9AA00991518 /* Sources */,
				1EB63BE71C6EC9AA00991518 /* Frameworks */,
				1EB63BE81C6EC9AA00991518 /* Resources */,
			);
			buildRules = (
			);
			dependencies = (
				1EB63BEC1C6EC9AA00991518 /* PBXTargetDependency */,
			);
			name = "04_新应用管理(xib)Tests";
			productName = "04_新应用管理(xib)Tests";
			productReference = 1EB63BEA1C6EC9AA00991518 /* 04_新应用管理(xib)Tests.xctest */;
			productType = "com.apple.product-type.bundle.unit-test";
		};
		1EB63BF41C6EC9AA00991518 /* 04_新应用管理(xib)UITests */ = {
			isa = PBXNativeTarget;
			buildConfigurationList = 1EB63C041C6EC9AA00991518 /* Build configuration list for PBXNativeTarget "04_新应用管理(xib)UITests" */;
			buildPhases = (
				1EB63BF11C6EC9AA00991518 /* Sources */,
				1EB63BF21C6EC9AA00991518 /* Frameworks */,
				1EB63BF31C6EC9AA00991518 /* Resources */,
			);
			buildRules = (
			);
			dependencies = (
				1EB63BF71C6EC9AA00991518 /* PBXTargetDependency */,
			);
			name = "04_新应用管理(xib)UITests";
			productName = "04_新应用管理(xib)UITests";
			productReference = 1EB63BF51C6EC9AA00991518 /* 04_新应用管理(xib)UITests.xctest */;
			productType = "com.apple.product-type.bundle.ui-testing";
		};
/* End PBXNativeTarget section */

/* Begin PBXProject section */
		1EB63BC91C6EC9AA00991518 /* Project object */ = {
			isa = PBXProject;
			attributes = {
				LastUpgradeCheck = 0720;
				ORGANIZATIONNAME = Apple.Inc;
				TargetAttributes = {
					1EB63BD01C6EC9AA00991518 = {
						CreatedOnToolsVersion = 7.2.1;
					};
					1EB63BE91C6EC9AA00991518 = {
						CreatedOnToolsVersion = 7.2.1;
						TestTargetID = 1EB63BD01C6EC9AA00991518;
					};
					1EB63BF41C6EC9AA00991518 = {
						CreatedOnToolsVersion = 7.2.1;
						TestTargetID = 1EB63BD01C6EC9AA00991518;
					};
				};
			};
			buildConfigurationList = 1EB63BCC1C6EC9AA00991518 /* Build configuration list for PBXProject "04_新应用管理(xib)" */;
			compatibilityVersion = "Xcode 3.2";
			developmentRegion = English;
			hasScannedForEncodings = 0;
			knownRegions = (
				en,
				Base,
			);
			mainGroup = 1EB63BC81C6EC9AA00991518;
			productRefGroup = 1EB63BD21C6EC9AA00991518 /* Products */;
			projectDirPath = "";
			projectRoot = "";
			targets = (
				1EB63BD01C6EC9AA00991518 /* 04_新应用管理(xib) */,
				1EB63BE91C6EC9AA00991518 /* 04_新应用管理(xib)Tests */,
				1EB63BF41C6EC9AA00991518 /* 04_新应用管理(xib)UITests */,
			);
		};
/* End PBXProject section */

/* Begin PBXResourcesBuildPhase section */
		1EB63BCF1C6EC9AA00991518 /* Resources */ = {
			isa = PBXResourcesBuildPhase;
			buildActionMask = 2147483647;
			files = (
				1EB63C081C6EC9DD00991518 /* app.plist in Resources */,
				1EB63BE41C6EC9AA00991518 /* LaunchScreen.storyboard in Resources */,
				1EB63BE11C6EC9AA00991518 /* Assets.xcassets in Resources */,
				1EB63C101C6EEFD000991518 /* AppCell.xib in Resources */,
				1EB63BDF1C6EC9AA00991518 /* Main.storyboard in Resources */,
			);
			runOnlyForDeploymentPostprocessing = 0;
		};
		1EB63BE81C6EC9AA00991518 /* Resources */ = {
			isa = PBXResourcesBuildPhase;
			buildActionMask = 2147483647;
			files = (
			);
			runOnlyForDeploymentPostprocessing = 0;
		};
		1EB63BF31C6EC9AA00991518 /* Resources */ = {
			isa = PBXResourcesBuildPhase;
			buildActionMask = 2147483647;
			files = (
			);
			runOnlyForDeploymentPostprocessing = 0;
		};
/* End PBXResourcesBuildPhase section */

/* Begin PBXSourcesBuildPhase section */
		1EB63BCD1C6EC9AA00991518 /* Sources */ = {
			isa = PBXSourcesBuildPhase;
			buildActionMask = 2147483647;
			files = (
				1EB63BDC1C6EC9AA00991518 /* ViewController.m in Sources */,
				1EB63C0F1C6EEFD000991518 /* AppCell.m in Sources */,
				1EB63BD91C6EC9AA00991518 /* AppDelegate.m in Sources */,
				1EB63BD61C6EC9AA00991518 /* main.m in Sources */,
				1EB63C0B1C6ECA1E00991518 /* AppModel.m in Sources */,
			);
			runOnlyForDeploymentPostprocessing = 0;
		};
		1EB63BE61C6EC9AA00991518 /* Sources */ = {
			isa = PBXSourcesBuildPhase;
			buildActionMask = 2147483647;
			files = (
				1EB63BEF1C6EC9AA00991518 /* _4_______xib_Tests.m in Sources */,
			);
			runOnlyForDeploymentPostprocessing = 0;
		};
		1EB63BF11C6EC9AA00991518 /* Sources */ = {
			isa = PBXSourcesBuildPhase;
			buildActionMask = 2147483647;
			files = (
				1EB63BFA1C6EC9AA00991518 /* _4_______xib_UITests.m in Sources */,
			);
			runOnlyForDeploymentPostprocessing = 0;
		};
/* End PBXSourcesBuildPhase section */

/* Begin PBXTargetDependency section */
		1EB63BEC1C6EC9AA00991518 /* PBXTargetDependency */ = {
			isa = PBXTargetDependency;
			target = 1EB63BD01C6EC9AA00991518 /* 04_新应用管理(xib) */;
			targetProxy = 1EB63BEB1C6EC9AA00991518 /* PBXContainerItemProxy */;
		};
		1EB63BF71C6EC9AA00991518 /* PBXTargetDependency */ = {
			isa = PBXTargetDependency;
			target = 1EB63BD01C6EC9AA00991518 /* 04_新应用管理(xib) */;
			targetProxy = 1EB63BF61C6EC9AA00991518 /* PBXContainerItemProxy */;
		};
/* End PBXTargetDependency section */

/* Begin PBXVariantGroup section */
		1EB63BDD1C6EC9AA00991518 /* Main.storyboard */ = {
			isa = PBXVariantGroup;
			children = (
				1EB63BDE1C6EC9AA00991518 /* Base */,
			);
			name = Main.storyboard;
			sourceTree = "<group>";
		};
		1EB63BE21C6EC9AA00991518 /* LaunchScreen.storyboard */ = {
			isa = PBXVariantGroup;
			children = (
				1EB63BE31C6EC9AA00991518 /* Base */,
			);
			name = LaunchScreen.storyboard;
			sourceTree = "<group>";
		};
/* End PBXVariantGroup section */

/* Begin XCBuildConfiguration section */
		1EB63BFC1C6EC9AA00991518 /* Debug */ = {
			isa = XCBuildConfiguration;
			buildSettings = {
				ALWAYS_SEARCH_USER_PATHS = NO;
				CLANG_CXX_LANGUAGE_STANDARD = "gnu++0x";
				CLANG_CXX_LIBRARY = "libc++";
				CLANG_ENABLE_MODULES = YES;
				CLANG_ENABLE_OBJC_ARC = YES;
				CLANG_WARN_BOOL_CONVERSION = YES;
				CLANG_WARN_CONSTANT_CONVERSION = YES;
				CLANG_WARN_DIRECT_OBJC_ISA_USAGE = YES_ERROR;
				CLANG_WARN_EMPTY_BODY = YES;
				CLANG_WARN_ENUM_CONVERSION = YES;
				CLANG_WARN_INT_CONVERSION = YES;
				CLANG_WARN_OBJC_ROOT_CLASS = YES_ERROR;
				CLANG_WARN_UNREACHABLE_CODE = YES;
				CLANG_WARN__DUPLICATE_METHOD_MATCH = YES;
				"CODE_SIGN_IDENTITY[sdk=iphoneos*]" = "iPhone Developer";
				COPY_PHASE_STRIP = NO;
				DEBUG_INFORMATION_FORMAT = dwarf;
				ENABLE_STRICT_OBJC_MSGSEND = YES;
				ENABLE_TESTABILITY = YES;
				GCC_C_LANGUAGE_STANDARD = gnu99;
				GCC_DYNAMIC_NO_PIC = NO;
				GCC_NO_COMMON_BLOCKS = YES;
				GCC_OPTIMIZATION_LEVEL = 0;
				GCC_PREPROCESSOR_DEFINITIONS = (
					"DEBUG=1",
					"$(inherited)",
				);
				GCC_WARN_64_TO_32_BIT_CONVERSION = YES;
				GCC_WARN_ABOUT_RETURN_TYPE = YES_ERROR;
				GCC_WARN_UNDECLARED_SELECTOR = YES;
				GCC_WARN_UNINITIALIZED_AUTOS = YES_AGGRESSIVE;
				GCC_WARN_UNUSED_FUNCTION = YES;
				GCC_WARN_UNUSED_VARIABLE = YES;
				IPHONEOS_DEPLOYMENT_TARGET = 9.2;
				MTL_ENABLE_DEBUG_INFO = YES;
				ONLY_ACTIVE_ARCH = YES;
				SDKROOT = iphoneos;
			};
			name = Debug;
		};
		1EB63BFD1C6EC9AA00991518 /* Release */ = {
			isa = XCBuildConfiguration;
			buildSettings = {
				ALWAYS_SEARCH_USER_PATHS = NO;
				CLANG_CXX_LANGUAGE_STANDARD = "gnu++0x";
				CLANG_CXX_LIBRARY = "libc++";
				CLANG_ENABLE_MODULES = YES;
				CLANG_ENABLE_OBJC_ARC = YES;
				CLANG_WARN_BOOL_CONVERSION = YES;
				CLANG_WARN_CONSTANT_CONVERSION = YES;
				CLANG_WARN_DIRECT_OBJC_ISA_USAGE = YES_ERROR;
				CLANG_WARN_EMPTY_BODY = YES;
				CLANG_WARN_ENUM_CONVERSION = YES;
				CLANG_WARN_INT_CONVERSION = YES;
				CLANG_WARN_OBJC_ROOT_CLASS = YES_ERROR;
				CLANG_WARN_UNREACHABLE_CODE = YES;
				CLANG_WARN__DUPLICATE_METHOD_MATCH = YES;
				"CODE_SIGN_IDENTITY[sdk=iphoneos*]" = "iPhone Developer";
				COPY_PHASE_STRIP = NO;
				DEBUG_INFORMATION_FORMAT = "dwarf-with-dsym";
				ENABLE_NS_ASSERTIONS = NO;
				ENABLE_STRICT_OBJC_MSGSEND = YES;
				GCC_C_LANGUAGE_STANDARD = gnu99;
				GCC_NO_COMMON_BLOCKS = YES;
				GCC_WARN_64_TO_32_BIT_CONVERSION = YES;
				GCC_WARN_ABOUT_RETURN_TYPE = YES_ERROR;
				GCC_WARN_UNDECLARED_SELECTOR = YES;
				GCC_WARN_UNINITIALIZED_AUTOS = YES_AGGRESSIVE;
				GCC_WARN_UNUSED_FUNCTION = YES;
				GCC_WARN_UNUSED_VARIABLE = YES;
				IPHONEOS_DEPLOYMENT_TARGET = 9.2;
				MTL_ENABLE_DEBUG_INFO = NO;
				SDKROOT = iphoneos;
				VALIDATE_PRODUCT = YES;
			};
			name = Release;
		};
		1EB63BFF1C6EC9AA00991518 /* Debug */ = {
			isa = XCBuildConfiguration;
			buildSettings = {
				ASSETCATALOG_COMPILER_APPICON_NAME = AppIcon;
				INFOPLIST_FILE = "04_新应用管理(xib)/Info.plist";
				LD_RUNPATH_SEARCH_PATHS = "$(inherited) @executable_path/Frameworks";
				PRODUCT_BUNDLE_IDENTIFIER = "com.apple.www.-4-------xib-";
				PRODUCT_NAME = "$(TARGET_NAME)";
			};
			name = Debug;
		};
		1EB63C001C6EC9AA00991518 /* Release */ = {
			isa = XCBuildConfiguration;
			buildSettings = {
				ASSETCATALOG_COMPILER_APPICON_NAME = AppIcon;
				INFOPLIST_FILE = "04_新应用管理(xib)/Info.plist";
				LD_RUNPATH_SEARCH_PATHS = "$(inherited) @executable_path/Frameworks";
				PRODUCT_BUNDLE_IDENTIFIER = "com.apple.www.-4-------xib-";
				PRODUCT_NAME = "$(TARGET_NAME)";
			};
			name = Release;
		};
		1EB63C021C6EC9AA00991518 /* Debug */ = {
			isa = XCBuildConfiguration;
			buildSettings = {
				BUNDLE_LOADER = "$(TEST_HOST)";
				INFOPLIST_FILE = "04_新应用管理(xib)Tests/Info.plist";
				LD_RUNPATH_SEARCH_PATHS = "$(inherited) @executable_path/Frameworks @loader_path/Frameworks";
				PRODUCT_BUNDLE_IDENTIFIER = "com.apple.www.-4-------xib-Tests";
				PRODUCT_NAME = "$(TARGET_NAME)";
				TEST_HOST = "$(BUILT_PRODUCTS_DIR)/04_新应用管理(xib).app/04_新应用管理(xib)";
			};
			name = Debug;
		};
		1EB63C031C6EC9AA00991518 /* Release */ = {
			isa = XCBuildConfiguration;
			buildSettings = {
				BUNDLE_LOADER = "$(TEST_HOST)";
				INFOPLIST_FILE = "04_新应用管理(xib)Tests/Info.plist";
				LD_RUNPATH_SEARCH_PATHS = "$(inherited) @executable_path/Frameworks @loader_path/Frameworks";
				PRODUCT_BUNDLE_IDENTIFIER = "com.apple.www.-4-------xib-Tests";
				PRODUCT_NAME = "$(TARGET_NAME)";
				TEST_HOST = "$(BUILT_PRODUCTS_DIR)/04_新应用管理(xib).app/04_新应用管理(xib)";
			};
			name = Release;
		};
		1EB63C051C6EC9AA00991518 /* Debug */ = {
			isa = XCBuildConfiguration;
			buildSettings = {
				INFOPLIST_FILE = "04_新应用管理(xib)UITests/Info.plist";
				LD_RUNPATH_SEARCH_PATHS = "$(inherited) @executable_path/Frameworks @loader_path/Frameworks";
				PRODUCT_BUNDLE_IDENTIFIER = "com.apple.www.-4-------xib-UITests";
				PRODUCT_NAME = "$(TARGET_NAME)";
				TEST_TARGET_NAME = "04_新应用管理(xib)";
				USES_XCTRUNNER = YES;
			};
			name = Debug;
		};
		1EB63C061C6EC9AA00991518 /* Release */ = {
			isa = XCBuildConfiguration;
			buildSettings = {
				INFOPLIST_FILE = "04_新应用管理(xib)UITests/Info.plist";
				LD_RUNPATH_SEARCH_PATHS = "$(inherited) @executable_path/Frameworks @loader_path/Frameworks";
				PRODUCT_BUNDLE_IDENTIFIER = "com.apple.www.-4-------xib-UITests";
				PRODUCT_NAME = "$(TARGET_NAME)";
				TEST_TARGET_NAME = "04_新应用管理(xib)";
				USES_XCTRUNNER = YES;
			};
			name = Release;
		};
/* End XCBuildConfiguration section */

/* Begin XCConfigurationList section */
		1EB63BCC1C6EC9AA00991518 /* Build configuration list for PBXProject "04_新应用管理(xib)" */ = {
			isa = XCConfigurationList;
			buildConfigurations = (
				1EB63BFC1C6EC9AA00991518 /* Debug */,
				1EB63BFD1C6EC9AA00991518 /* Release */,
			);
			defaultConfigurationIsVisible = 0;
			defaultConfigurationName = Release;
		};
		1EB63BFE1C6EC9AA00991518 /* Build configuration list for PBXNativeTarget "04_新应用管理(xib)" */ = {
			isa = XCConfigurationList;
			buildConfigurations = (
				1EB63BFF1C6EC9AA00991518 /* Debug */,
				1EB63C001C6EC9AA00991518 /* Release */,
			);
			defaultConfigurationIsVisible = 0;
		};
		1EB63C011C6EC9AA00991518 /* Build configuration list for PBXNativeTarget "04_新应用管理(xib)Tests" */ = {
			isa = XCConfigurationList;
			buildConfigurations = (
				1EB63C021C6EC9AA00991518 /* Debug */,
				1EB63C031C6EC9AA00991518 /* Release */,
			);
			defaultConfigurationIsVisible = 0;
		};
		1EB63C041C6EC9AA00991518 /* Build configuration list for PBXNativeTarget "04_新应用管理(xib)UITests" */ = {
			isa = XCConfigurationList;
			buildConfigurations = (
				1EB63C051C6EC9AA00991518 /* Debug */,
				1EB63C061C6EC9AA00991518 /* Release */,
			);
			defaultConfigurationIsVisible = 0;
		};
/* End XCConfigurationList section */
	};
	rootObject = 1EB63BC91C6EC9AA00991518 /* Project object */;
}
