// !$*UTF8*$!
{
	archiveVersion = 1;
	classes = {
	};
	objectVersion = 46;
	objects = {

/* Begin PBXBuildFile section */
		1ECAA7211C787D26005D530A /* main.m in Sources */ = {isa = PBXBuildFile; fileRef = 1ECAA7201C787D26005D530A /* main.m */; };
		1ECAA7241C787D26005D530A /* AppDelegate.m in Sources */ = {isa = PBXBuildFile; fileRef = 1ECAA7231C787D26005D530A /* AppDelegate.m */; };
		1ECAA7271C787D26005D530A /* ViewController.m in Sources */ = {isa = PBXBuildFile; fileRef = 1ECAA7261C787D26005D530A /* ViewController.m */; };
		1ECAA72A1C787D26005D530A /* Main.storyboard in Resources */ = {isa = PBXBuildFile; fileRef = 1ECAA7281C787D26005D530A /* Main.storyboard */; };
		1ECAA72C1C787D26005D530A /* Assets.xcassets in Resources */ = {isa = PBXBuildFile; fileRef = 1ECAA72B1C787D26005D530A /* Assets.xcassets */; };
		1ECAA72F1C787D26005D530A /* LaunchScreen.storyboard in Resources */ = {isa = PBXBuildFile; fileRef = 1ECAA72D1C787D26005D530A /* LaunchScreen.storyboard */; };
		1ECAA73A1C787D27005D530A /* _1_________Tests.m in Sources */ = {isa = PBXBuildFile; fileRef = 1ECAA7391C787D27005D530A /* _1_________Tests.m */; };
		1ECAA7451C787D27005D530A /* _1_________UITests.m in Sources */ = {isa = PBXBuildFile; fileRef = 1ECAA7441C787D27005D530A /* _1_________UITests.m */; };
/* End PBXBuildFile section */

/* Begin PBXContainerItemProxy section */
		1ECAA7361C787D27005D530A /* PBXContainerItemProxy */ = {
			isa = PBXContainerItemProxy;
			containerPortal = 1ECAA7141C787D26005D530A /* Project object */;
			proxyType = 1;
			remoteGlobalIDString = 1ECAA71B1C787D26005D530A;
			remoteInfo = "01_主线程的消息循环";
		};
		1ECAA7411C787D27005D530A /* PBXContainerItemProxy */ = {
			isa = PBXContainerItemProxy;
			containerPortal = 1ECAA7141C787D26005D530A /* Project object */;
			proxyType = 1;
			remoteGlobalIDString = 1ECAA71B1C787D26005D530A;
			remoteInfo = "01_主线程的消息循环";
		};
/* End PBXContainerItemProxy section */

/* Begin PBXFileReference section */
		1ECAA71C1C787D26005D530A /* 01_主线程的消息循环.app */ = {isa = PBXFileReference; explicitFileType = wrapper.application; includeInIndex = 0; path = "01_主线程的消息循环.app"; sourceTree = BUILT_PRODUCTS_DIR; };
		1ECAA7201C787D26005D530A /* main.m */ = {isa = PBXFileReference; lastKnownFileType = sourcecode.c.objc; path = main.m; sourceTree = "<group>"; };
		1ECAA7221C787D26005D530A /* AppDelegate.h */ = {isa = PBXFileReference; lastKnownFileType = sourcecode.c.h; path = AppDelegate.h; sourceTree = "<group>"; };
		1ECAA7231C787D26005D530A /* AppDelegate.m */ = {isa = PBXFileReference; lastKnownFileType = sourcecode.c.objc; path = AppDelegate.m; sourceTree = "<group>"; };
		1ECAA7251C787D26005D530A /* ViewController.h */ = {isa = PBXFileReference; lastKnownFileType = sourcecode.c.h; path = ViewController.h; sourceTree = "<group>"; };
		1ECAA7261C787D26005D530A /* ViewController.m */ = {isa = PBXFileReference; lastKnownFileType = sourcecode.c.objc; path = ViewController.m; sourceTree = "<group>"; };
		1ECAA7291C787D26005D530A /* Base */ = {isa = PBXFileReference; lastKnownFileType = file.storyboard; name = Base; path = Base.lproj/Main.storyboard; sourceTree = "<group>"; };
		1ECAA72B1C787D26005D530A /* Assets.xcassets */ = {isa = PBXFileReference; lastKnownFileType = folder.assetcatalog; path = Assets.xcassets; sourceTree = "<group>"; };
		1ECAA72E1C787D26005D530A /* Base */ = {isa = PBXFileReference; lastKnownFileType = file.storyboard; name = Base; path = Base.lproj/LaunchScreen.storyboard; sourceTree = "<group>"; };
		1ECAA7301C787D26005D530A /* Info.plist */ = {isa = PBXFileReference; lastKnownFileType = text.plist.xml; path = Info.plist; sourceTree = "<group>"; };
		1ECAA7351C787D27005D530A /* 01_主线程的消息循环Tests.xctest */ = {isa = PBXFileReference; explicitFileType = wrapper.cfbundle; includeInIndex = 0; path = "01_主线程的消息循环Tests.xctest"; sourceTree = BUILT_PRODUCTS_DIR; };
		1ECAA7391C787D27005D530A /* _1_________Tests.m */ = {isa = PBXFileReference; lastKnownFileType = sourcecode.c.objc; path = "_1_________Tests.m"; sourceTree = "<group>"; };
		1ECAA73B1C787D27005D530A /* Info.plist */ = {isa = PBXFileReference; lastKnownFileType = text.plist.xml; path = Info.plist; sourceTree = "<group>"; };
		1ECAA7401C787D27005D530A /* 01_主线程的消息循环UITests.xctest */ = {isa = PBXFileReference; explicitFileType = wrapper.cfbundle; includeInIndex = 0; path = "01_主线程的消息循环UITests.xctest"; sourceTree = BUILT_PRODUCTS_DIR; };
		1ECAA7441C787D27005D530A /* _1_________UITests.m */ = {isa = PBXFileReference; lastKnownFileType = sourcecode.c.objc; path = "_1_________UITests.m"; sourceTree = "<group>"; };
		1ECAA7461C787D27005D530A /* Info.plist */ = {isa = PBXFileReference; lastKnownFileType = text.plist.xml; path = Info.plist; sourceTree = "<group>"; };
/* End PBXFileReference section */

/* Begin PBXFrameworksBuildPhase section */
		1ECAA7191C787D26005D530A /* Frameworks */ = {
			isa = PBXFrameworksBuildPhase;
			buildActionMask = 2147483647;
			files = (
			);
			runOnlyForDeploymentPostprocessing = 0;
		};
		1ECAA7321C787D27005D530A /* Frameworks */ = {
			isa = PBXFrameworksBuildPhase;
			buildActionMask = 2147483647;
			files = (
			);
			runOnlyForDeploymentPostprocessing = 0;
		};
		1ECAA73D1C787D27005D530A /* Frameworks */ = {
			isa = PBXFrameworksBuildPhase;
			buildActionMask = 2147483647;
			files = (
			);
			runOnlyForDeploymentPostprocessing = 0;
		};
/* End PBXFrameworksBuildPhase section */

/* Begin PBXGroup section */
		1ECAA7131C787D26005D530A = {
			isa = PBXGroup;
			children = (
				1ECAA71E1C787D26005D530A /* 01_主线程的消息循环 */,
				1ECAA7381C787D27005D530A /* 01_主线程的消息循环Tests */,
				1ECAA7431C787D27005D530A /* 01_主线程的消息循环UITests */,
				1ECAA71D1C787D26005D530A /* Products */,
			);
			sourceTree = "<group>";
		};
		1ECAA71D1C787D26005D530A /* Products */ = {
			isa = PBXGroup;
			children = (
				1ECAA71C1C787D26005D530A /* 01_主线程的消息循环.app */,
				1ECAA7351C787D27005D530A /* 01_主线程的消息循环Tests.xctest */,
				1ECAA7401C787D27005D530A /* 01_主线程的消息循环UITests.xctest */,
			);
			name = Products;
			sourceTree = "<group>";
		};
		1ECAA71E1C787D26005D530A /* 01_主线程的消息循环 */ = {
			isa = PBXGroup;
			children = (
				1ECAA7221C787D26005D530A /* AppDelegate.h */,
				1ECAA7231C787D26005D530A /* AppDelegate.m */,
				1ECAA7251C787D26005D530A /* ViewController.h */,
				1ECAA7261C787D26005D530A /* ViewController.m */,
				1ECAA7281C787D26005D530A /* Main.storyboard */,
				1ECAA72B1C787D26005D530A /* Assets.xcassets */,
				1ECAA72D1C787D26005D530A /* LaunchScreen.storyboard */,
				1ECAA7301C787D26005D530A /* Info.plist */,
				1ECAA71F1C787D26005D530A /* Supporting Files */,
			);
			path = "01_主线程的消息循环";
			sourceTree = "<group>";
		};
		1ECAA71F1C787D26005D530A /* Supporting Files */ = {
			isa = PBXGroup;
			children = (
				1ECAA7201C787D26005D530A /* main.m */,
			);
			name = "Supporting Files";
			sourceTree = "<group>";
		};
		1ECAA7381C787D27005D530A /* 01_主线程的消息循环Tests */ = {
			isa = PBXGroup;
			children = (
				1ECAA7391C787D27005D530A /* _1_________Tests.m */,
				1ECAA73B1C787D27005D530A /* Info.plist */,
			);
			path = "01_主线程的消息循环Tests";
			sourceTree = "<group>";
		};
		1ECAA7431C787D27005D530A /* 01_主线程的消息循环UITests */ = {
			isa = PBXGroup;
			children = (
				1ECAA7441C787D27005D530A /* _1_________UITests.m */,
				1ECAA7461C787D27005D530A /* Info.plist */,
			);
			path = "01_主线程的消息循环UITests";
			sourceTree = "<group>";
		};
/* End PBXGroup section */

/* Begin PBXNativeTarget section */
		1ECAA71B1C787D26005D530A /* 01_主线程的消息循环 */ = {
			isa = PBXNativeTarget;
			buildConfigurationList = 1ECAA7491C787D27005D530A /* Build configuration list for PBXNativeTarget "01_主线程的消息循环" */;
			buildPhases = (
				1ECAA7181C787D26005D530A /* Sources */,
				1ECAA7191C787D26005D530A /* Frameworks */,
				1ECAA71A1C787D26005D530A /* Resources */,
			);
			buildRules = (
			);
			dependencies = (
			);
			name = "01_主线程的消息循环";
			productName = "01_主线程的消息循环";
			productReference = 1ECAA71C1C787D26005D530A /* 01_主线程的消息循环.app */;
			productType = "com.apple.product-type.application";
		};
		1ECAA7341C787D27005D530A /* 01_主线程的消息循环Tests */ = {
			isa = PBXNativeTarget;
			buildConfigurationList = 1ECAA74C1C787D27005D530A /* Build configuration list for PBXNativeTarget "01_主线程的消息循环Tests" */;
			buildPhases = (
				1ECAA7311C787D27005D530A /* Sources */,
				1ECAA7321C787D27005D530A /* Frameworks */,
				1ECAA7331C787D27005D530A /* Resources */,
			);
			buildRules = (
			);
			dependencies = (
				1ECAA7371C787D27005D530A /* PBXTargetDependency */,
			);
			name = "01_主线程的消息循环Tests";
			productName = "01_主线程的消息循环Tests";
			productReference = 1ECAA7351C787D27005D530A /* 01_主线程的消息循环Tests.xctest */;
			productType = "com.apple.product-type.bundle.unit-test";
		};
		1ECAA73F1C787D27005D530A /* 01_主线程的消息循环UITests */ = {
			isa = PBXNativeTarget;
			buildConfigurationList = 1ECAA74F1C787D27005D530A /* Build configuration list for PBXNativeTarget "01_主线程的消息循环UITests" */;
			buildPhases = (
				1ECAA73C1C787D27005D530A /* Sources */,
				1ECAA73D1C787D27005D530A /* Frameworks */,
				1ECAA73E1C787D27005D530A /* Resources */,
			);
			buildRules = (
			);
			dependencies = (
				1ECAA7421C787D27005D530A /* PBXTargetDependency */,
			);
			name = "01_主线程的消息循环UITests";
			productName = "01_主线程的消息循环UITests";
			productReference = 1ECAA7401C787D27005D530A /* 01_主线程的消息循环UITests.xctest */;
			productType = "com.apple.product-type.bundle.ui-testing";
		};
/* End PBXNativeTarget section */

/* Begin PBXProject section */
		1ECAA7141C787D26005D530A /* Project object */ = {
			isa = PBXProject;
			attributes = {
				LastUpgradeCheck = 0720;
				ORGANIZATIONNAME = Apple.Inc;
				TargetAttributes = {
					1ECAA71B1C787D26005D530A = {
						CreatedOnToolsVersion = 7.2.1;
					};
					1ECAA7341C787D27005D530A = {
						CreatedOnToolsVersion = 7.2.1;
						TestTargetID = 1ECAA71B1C787D26005D530A;
					};
					1ECAA73F1C787D27005D530A = {
						CreatedOnToolsVersion = 7.2.1;
						TestTargetID = 1ECAA71B1C787D26005D530A;
					};
				};
			};
			buildConfigurationList = 1ECAA7171C787D26005D530A /* Build configuration list for PBXProject "01_主线程的消息循环" */;
			compatibilityVersion = "Xcode 3.2";
			developmentRegion = English;
			hasScannedForEncodings = 0;
			knownRegions = (
				en,
				Base,
			);
			mainGroup = 1ECAA7131C787D26005D530A;
			productRefGroup = 1ECAA71D1C787D26005D530A /* Products */;
			projectDirPath = "";
			projectRoot = "";
			targets = (
				1ECAA71B1C787D26005D530A /* 01_主线程的消息循环 */,
				1ECAA7341C787D27005D530A /* 01_主线程的消息循环Tests */,
				1ECAA73F1C787D27005D530A /* 01_主线程的消息循环UITests */,
			);
		};
/* End PBXProject section */

/* Begin PBXResourcesBuildPhase section */
		1ECAA71A1C787D26005D530A /* Resources */ = {
			isa = PBXResourcesBuildPhase;
			buildActionMask = 2147483647;
			files = (
				1ECAA72F1C787D26005D530A /* LaunchScreen.storyboard in Resources */,
				1ECAA72C1C787D26005D530A /* Assets.xcassets in Resources */,
				1ECAA72A1C787D26005D530A /* Main.storyboard in Resources */,
			);
			runOnlyForDeploymentPostprocessing = 0;
		};
		1ECAA7331C787D27005D530A /* Resources */ = {
			isa = PBXResourcesBuildPhase;
			buildActionMask = 2147483647;
			files = (
			);
			runOnlyForDeploymentPostprocessing = 0;
		};
		1ECAA73E1C787D27005D530A /* Resources */ = {
			isa = PBXResourcesBuildPhase;
			buildActionMask = 2147483647;
			files = (
			);
			runOnlyForDeploymentPostprocessing = 0;
		};
/* End PBXResourcesBuildPhase section */

/* Begin PBXSourcesBuildPhase section */
		1ECAA7181C787D26005D530A /* Sources */ = {
			isa = PBXSourcesBuildPhase;
			buildActionMask = 2147483647;
			files = (
				1ECAA7271C787D26005D530A /* ViewController.m in Sources */,
				1ECAA7241C787D26005D530A /* AppDelegate.m in Sources */,
				1ECAA7211C787D26005D530A /* main.m in Sources */,
			);
			runOnlyForDeploymentPostprocessing = 0;
		};
		1ECAA7311C787D27005D530A /* Sources */ = {
			isa = PBXSourcesBuildPhase;
			buildActionMask = 2147483647;
			files = (
				1ECAA73A1C787D27005D530A /* _1_________Tests.m in Sources */,
			);
			runOnlyForDeploymentPostprocessing = 0;
		};
		1ECAA73C1C787D27005D530A /* Sources */ = {
			isa = PBXSourcesBuildPhase;
			buildActionMask = 2147483647;
			files = (
				1ECAA7451C787D27005D530A /* _1_________UITests.m in Sources */,
			);
			runOnlyForDeploymentPostprocessing = 0;
		};
/* End PBXSourcesBuildPhase section */

/* Begin PBXTargetDependency section */
		1ECAA7371C787D27005D530A /* PBXTargetDependency */ = {
			isa = PBXTargetDependency;
			target = 1ECAA71B1C787D26005D530A /* 01_主线程的消息循环 */;
			targetProxy = 1ECAA7361C787D27005D530A /* PBXContainerItemProxy */;
		};
		1ECAA7421C787D27005D530A /* PBXTargetDependency */ = {
			isa = PBXTargetDependency;
			target = 1ECAA71B1C787D26005D530A /* 01_主线程的消息循环 */;
			targetProxy = 1ECAA7411C787D27005D530A /* PBXContainerItemProxy */;
		};
/* End PBXTargetDependency section */

/* Begin PBXVariantGroup section */
		1ECAA7281C787D26005D530A /* Main.storyboard */ = {
			isa = PBXVariantGroup;
			children = (
				1ECAA7291C787D26005D530A /* Base */,
			);
			name = Main.storyboard;
			sourceTree = "<group>";
		};
		1ECAA72D1C787D26005D530A /* LaunchScreen.storyboard */ = {
			isa = PBXVariantGroup;
			children = (
				1ECAA72E1C787D26005D530A /* Base */,
			);
			name = LaunchScreen.storyboard;
			sourceTree = "<group>";
		};
/* End PBXVariantGroup section */

/* Begin XCBuildConfiguration section */
		1ECAA7471C787D27005D530A /* Debug */ = {
			isa = XCBuildConfiguration;
			buildSettings = {
				ALWAYS_SEARCH_USER_PATHS = NO;
				CLANG_CXX_LANGUAGE_STANDARD = "gnu++0x";
				CLANG_CXX_LIBRARY = "libc++";
				CLANG_ENABLE_MODULES = YES;
				CLANG_ENABLE_OBJC_ARC = YES;
				CLANG_WARN_BOOL_CONVERSION = YES;
				CLANG_WARN_CONSTANT_CONVERSION = YES;
				CLANG_WARN_DIRECT_OBJC_ISA_USAGE = YES_ERROR;
				CLANG_WARN_EMPTY_BODY = YES;
				CLANG_WARN_ENUM_CONVERSION = YES;
				CLANG_WARN_INT_CONVERSION = YES;
				CLANG_WARN_OBJC_ROOT_CLASS = YES_ERROR;
				CLANG_WARN_UNREACHABLE_CODE = YES;
				CLANG_WARN__DUPLICATE_METHOD_MATCH = YES;
				"CODE_SIGN_IDENTITY[sdk=iphoneos*]" = "iPhone Developer";
				COPY_PHASE_STRIP = NO;
				DEBUG_INFORMATION_FORMAT = dwarf;
				ENABLE_STRICT_OBJC_MSGSEND = YES;
				ENABLE_TESTABILITY = YES;
				GCC_C_LANGUAGE_STANDARD = gnu99;
				GCC_DYNAMIC_NO_PIC = NO;
				GCC_NO_COMMON_BLOCKS = YES;
				GCC_OPTIMIZATION_LEVEL = 0;
				GCC_PREPROCESSOR_DEFINITIONS = (
					"DEBUG=1",
					"$(inherited)",
				);
				GCC_WARN_64_TO_32_BIT_CONVERSION = YES;
				GCC_WARN_ABOUT_RETURN_TYPE = YES_ERROR;
				GCC_WARN_UNDECLARED_SELECTOR = YES;
				GCC_WARN_UNINITIALIZED_AUTOS = YES_AGGRESSIVE;
				GCC_WARN_UNUSED_FUNCTION = YES;
				GCC_WARN_UNUSED_VARIABLE = YES;
				IPHONEOS_DEPLOYMENT_TARGET = 9.2;
				MTL_ENABLE_DEBUG_INFO = YES;
				ONLY_ACTIVE_ARCH = YES;
				SDKROOT = iphoneos;
			};
			name = Debug;
		};
		1ECAA7481C787D27005D530A /* Release */ = {
			isa = XCBuildConfiguration;
			buildSettings = {
				ALWAYS_SEARCH_USER_PATHS = NO;
				CLANG_CXX_LANGUAGE_STANDARD = "gnu++0x";
				CLANG_CXX_LIBRARY = "libc++";
				CLANG_ENABLE_MODULES = YES;
				CLANG_ENABLE_OBJC_ARC = YES;
				CLANG_WARN_BOOL_CONVERSION = YES;
				CLANG_WARN_CONSTANT_CONVERSION = YES;
				CLANG_WARN_DIRECT_OBJC_ISA_USAGE = YES_ERROR;
				CLANG_WARN_EMPTY_BODY = YES;
				CLANG_WARN_ENUM_CONVERSION = YES;
				CLANG_WARN_INT_CONVERSION = YES;
				CLANG_WARN_OBJC_ROOT_CLASS = YES_ERROR;
				CLANG_WARN_UNREACHABLE_CODE = YES;
				CLANG_WARN__DUPLICATE_METHOD_MATCH = YES;
				"CODE_SIGN_IDENTITY[sdk=iphoneos*]" = "iPhone Developer";
				COPY_PHASE_STRIP = NO;
				DEBUG_INFORMATION_FORMAT = "dwarf-with-dsym";
				ENABLE_NS_ASSERTIONS = NO;
				ENABLE_STRICT_OBJC_MSGSEND = YES;
				GCC_C_LANGUAGE_STANDARD = gnu99;
				GCC_NO_COMMON_BLOCKS = YES;
				GCC_WARN_64_TO_32_BIT_CONVERSION = YES;
				GCC_WARN_ABOUT_RETURN_TYPE = YES_ERROR;
				GCC_WARN_UNDECLARED_SELECTOR = YES;
				GCC_WARN_UNINITIALIZED_AUTOS = YES_AGGRESSIVE;
				GCC_WARN_UNUSED_FUNCTION = YES;
				GCC_WARN_UNUSED_VARIABLE = YES;
				IPHONEOS_DEPLOYMENT_TARGET = 9.2;
				MTL_ENABLE_DEBUG_INFO = NO;
				SDKROOT = iphoneos;
				VALIDATE_PRODUCT = YES;
			};
			name = Release;
		};
		1ECAA74A1C787D27005D530A /* Debug */ = {
			isa = XCBuildConfiguration;
			buildSettings = {
				ASSETCATALOG_COMPILER_APPICON_NAME = AppIcon;
				INFOPLIST_FILE = "01_主线程的消息循环/Info.plist";
				LD_RUNPATH_SEARCH_PATHS = "$(inherited) @executable_path/Frameworks";
				PRODUCT_BUNDLE_IDENTIFIER = "com.apple.www.-1---------";
				PRODUCT_NAME = "$(TARGET_NAME)";
			};
			name = Debug;
		};
		1ECAA74B1C787D27005D530A /* Release */ = {
			isa = XCBuildConfiguration;
			buildSettings = {
				ASSETCATALOG_COMPILER_APPICON_NAME = AppIcon;
				INFOPLIST_FILE = "01_主线程的消息循环/Info.plist";
				LD_RUNPATH_SEARCH_PATHS = "$(inherited) @executable_path/Frameworks";
				PRODUCT_BUNDLE_IDENTIFIER = "com.apple.www.-1---------";
				PRODUCT_NAME = "$(TARGET_NAME)";
			};
			name = Release;
		};
		1ECAA74D1C787D27005D530A /* Debug */ = {
			isa = XCBuildConfiguration;
			buildSettings = {
				BUNDLE_LOADER = "$(TEST_HOST)";
				INFOPLIST_FILE = "01_主线程的消息循环Tests/Info.plist";
				LD_RUNPATH_SEARCH_PATHS = "$(inherited) @executable_path/Frameworks @loader_path/Frameworks";
				PRODUCT_BUNDLE_IDENTIFIER = "com.apple.www.-1---------Tests";
				PRODUCT_NAME = "$(TARGET_NAME)";
				TEST_HOST = "$(BUILT_PRODUCTS_DIR)/01_主线程的消息循环.app/01_主线程的消息循环";
			};
			name = Debug;
		};
		1ECAA74E1C787D27005D530A /* Release */ = {
			isa = XCBuildConfiguration;
			buildSettings = {
				BUNDLE_LOADER = "$(TEST_HOST)";
				INFOPLIST_FILE = "01_主线程的消息循环Tests/Info.plist";
				LD_RUNPATH_SEARCH_PATHS = "$(inherited) @executable_path/Frameworks @loader_path/Frameworks";
				PRODUCT_BUNDLE_IDENTIFIER = "com.apple.www.-1---------Tests";
				PRODUCT_NAME = "$(TARGET_NAME)";
				TEST_HOST = "$(BUILT_PRODUCTS_DIR)/01_主线程的消息循环.app/01_主线程的消息循环";
			};
			name = Release;
		};
		1ECAA7501C787D27005D530A /* Debug */ = {
			isa = XCBuildConfiguration;
			buildSettings = {
				INFOPLIST_FILE = "01_主线程的消息循环UITests/Info.plist";
				LD_RUNPATH_SEARCH_PATHS = "$(inherited) @executable_path/Frameworks @loader_path/Frameworks";
				PRODUCT_BUNDLE_IDENTIFIER = "com.apple.www.-1---------UITests";
				PRODUCT_NAME = "$(TARGET_NAME)";
				TEST_TARGET_NAME = "01_主线程的消息循环";
				USES_XCTRUNNER = YES;
			};
			name = Debug;
		};
		1ECAA7511C787D27005D530A /* Release */ = {
			isa = XCBuildConfiguration;
			buildSettings = {
				INFOPLIST_FILE = "01_主线程的消息循环UITests/Info.plist";
				LD_RUNPATH_SEARCH_PATHS = "$(inherited) @executable_path/Frameworks @loader_path/Frameworks";
				PRODUCT_BUNDLE_IDENTIFIER = "com.apple.www.-1---------UITests";
				PRODUCT_NAME = "$(TARGET_NAME)";
				TEST_TARGET_NAME = "01_主线程的消息循环";
				USES_XCTRUNNER = YES;
			};
			name = Release;
		};
/* End XCBuildConfiguration section */

/* Begin XCConfigurationList section */
		1ECAA7171C787D26005D530A /* Build configuration list for PBXProject "01_主线程的消息循环" */ = {
			isa = XCConfigurationList;
			buildConfigurations = (
				1ECAA7471C787D27005D530A /* Debug */,
				1ECAA7481C787D27005D530A /* Release */,
			);
			defaultConfigurationIsVisible = 0;
			defaultConfigurationName = Release;
		};
		1ECAA7491C787D27005D530A /* Build configuration list for PBXNativeTarget "01_主线程的消息循环" */ = {
			isa = XCConfigurationList;
			buildConfigurations = (
				1ECAA74A1C787D27005D530A /* Debug */,
				1ECAA74B1C787D27005D530A /* Release */,
			);
			defaultConfigurationIsVisible = 0;
		};
		1ECAA74C1C787D27005D530A /* Build configuration list for PBXNativeTarget "01_主线程的消息循环Tests" */ = {
			isa = XCConfigurationList;
			buildConfigurations = (
				1ECAA74D1C787D27005D530A /* Debug */,
				1ECAA74E1C787D27005D530A /* Release */,
			);
			defaultConfigurationIsVisible = 0;
		};
		1ECAA74F1C787D27005D530A /* Build configuration list for PBXNativeTarget "01_主线程的消息循环UITests" */ = {
			isa = XCConfigurationList;
			buildConfigurations = (
				1ECAA7501C787D27005D530A /* Debug */,
				1ECAA7511C787D27005D530A /* Release */,
			);
			defaultConfigurationIsVisible = 0;
		};
/* End XCConfigurationList section */
	};
	rootObject = 1ECAA7141C787D26005D530A /* Project object */;
}
